
Microsoft Visual Studio Solution File, Format Version 12.00
# Visual Studio Version 17
VisualStudioVersion = 17.3.32901.215
MinimumVisualStudioVersion = 10.0.40219.1
Project("{FAE04EC0-301F-11D3-BF4B-00C04F79EFBC}") = "API-Urna", "API-Urna\API-Urna.csproj", "{D9862FA6-607A-4571-AE16-3A34E91AF19E}"
EndProject
Global
	GlobalSection(SolutionConfigurationPlatforms) = preSolution
		Debug|Any CPU = Debug|Any CPU
		Release|Any CPU = Release|Any CPU
	EndGlobalSection
	GlobalSection(ProjectConfigurationPlatforms) = postSolution
		{D9862FA6-607A-4571-AE16-3A34E91AF19E}.Debug|Any CPU.ActiveCfg = Debug|Any CPU
		{D9862FA6-607A-4571-AE16-3A34E91AF19E}.Debug|Any CPU.Build.0 = Debug|Any CPU
		{D9862FA6-607A-4571-AE16-3A34E91AF19E}.Release|Any CPU.ActiveCfg = Release|Any CPU
		{D9862FA6-607A-4571-AE16-3A34E91AF19E}.Release|Any CPU.Build.0 = Release|Any CPU
	EndGlobalSection
	GlobalSection(SolutionProperties) = preSolution
		HideSolutionNode = FALSE
	EndGlobalSection
	GlobalSection(ExtensibilityGlobals) = postSolution
		SolutionGuid = {3137BF9D-B603-4483-B89A-6080B548B974}
	EndGlobalSection
EndGlobal
